
Microsoft Visual Studio Solution File, Format Version 12.00
Project("{FAE04EC0-301F-11D3-BF4B-00C04F79EFBC}") = "FicsitPakParser", "FicsitPakParser.csproj", "{CE82F766-FB0F-4268-B582-D7A6B84A6F82}"
EndProject
Global
	GlobalSection(SolutionConfigurationPlatforms) = preSolution
		Debug|Any CPU = Debug|Any CPU
		Release|Any CPU = Release|Any CPU
	EndGlobalSection
	GlobalSection(ProjectConfigurationPlatforms) = postSolution
		{CE82F766-FB0F-4268-B582-D7A6B84A6F82}.Debug|Any CPU.ActiveCfg = Debug|Any CPU
		{CE82F766-FB0F-4268-B582-D7A6B84A6F82}.Debug|Any CPU.Build.0 = Debug|Any CPU
		{CE82F766-FB0F-4268-B582-D7A6B84A6F82}.Release|Any CPU.ActiveCfg = Release|Any CPU
		{CE82F766-FB0F-4268-B582-D7A6B84A6F82}.Release|Any CPU.Build.0 = Release|Any CPU
	EndGlobalSection
EndGlobal
